
Microsoft Visual Studio Solution File, Format Version 12.00
# Visual Studio Version 17
VisualStudioVersion = 17.5.33516.290
MinimumVisualStudioVersion = 10.0.40219.1
Project("{FAE04EC0-301F-11D3-BF4B-00C04F79EFBC}") = "csharp-cibi-preferiti", "csharp-cibi-preferiti\csharp-cibi-preferiti.csproj", "{399C974A-E19E-4034-A812-ADB22F01E2EB}"
EndProject
Global
	GlobalSection(SolutionConfigurationPlatforms) = preSolution
		Debug|Any CPU = Debug|Any CPU
		Release|Any CPU = Release|Any CPU
	EndGlobalSection
	GlobalSection(ProjectConfigurationPlatforms) = postSolution
		{399C974A-E19E-4034-A812-ADB22F01E2EB}.Debug|Any CPU.ActiveCfg = Debug|Any CPU
		{399C974A-E19E-4034-A812-ADB22F01E2EB}.Debug|Any CPU.Build.0 = Debug|Any CPU
		{399C974A-E19E-4034-A812-ADB22F01E2EB}.Release|Any CPU.ActiveCfg = Release|Any CPU
		{399C974A-E19E-4034-A812-ADB22F01E2EB}.Release|Any CPU.Build.0 = Release|Any CPU
	EndGlobalSection
	GlobalSection(SolutionProperties) = preSolution
		HideSolutionNode = FALSE
	EndGlobalSection
	GlobalSection(ExtensibilityGlobals) = postSolution
		SolutionGuid = {50A4CA80-E1F8-43F5-960A-9ACB99C92E3A}
	EndGlobalSection
EndGlobal
